
Microsoft Visual Studio Solution File, Format Version 12.00
# Visual Studio 14
VisualStudioVersion = 14.0.25420.1
MinimumVisualStudioVersion = 10.0.40219.1
Project("{FAE04EC0-301F-11D3-BF4B-00C04F79EFBC}") = "JMWebsite", "JMWebsite\JMWebsite.csproj", "{18DC670A-3C2D-4119-8632-A7875E05C76B}"
EndProject
Global
	GlobalSection(SolutionConfigurationPlatforms) = preSolution
		Debug|Any CPU = Debug|Any CPU
		Release|Any CPU = Release|Any CPU
	EndGlobalSection
	GlobalSection(ProjectConfigurationPlatforms) = postSolution
		{18DC670A-3C2D-4119-8632-A7875E05C76B}.Debug|Any CPU.ActiveCfg = Debug|Any CPU
		{18DC670A-3C2D-4119-8632-A7875E05C76B}.Debug|Any CPU.Build.0 = Debug|Any CPU
		{18DC670A-3C2D-4119-8632-A7875E05C76B}.Release|Any CPU.ActiveCfg = Release|Any CPU
		{18DC670A-3C2D-4119-8632-A7875E05C76B}.Release|Any CPU.Build.0 = Release|Any CPU
	EndGlobalSection
	GlobalSection(SolutionProperties) = preSolution
		HideSolutionNode = FALSE
	EndGlobalSection
	GlobalSection(TeamFoundationVersionControl) = preSolution
		SccNumberOfProjects = 2
		SccEnterpriseProvider = {4CA58AB2-18FA-4F8D-95D4-32DDF27D184C}
		SccTeamFoundationServer = https://cyber-5.visualstudio.com/
		SccLocalPath0 = .
		SccProjectUniqueName1 = JMWebsite\\JMWebsite.csproj
		SccProjectName1 = JMWebsite
		SccLocalPath1 = JMWebsite
	EndGlobalSection
EndGlobal
